
Microsoft Visual Studio Solution File, Format Version 12.00
# Visual Studio Version 16
VisualStudioVersion = 16.0.30907.101
MinimumVisualStudioVersion = 10.0.40219.1
Project("{FAE04EC0-301F-11D3-BF4B-00C04F79EFBC}") = "UsuarioWCF", "UsuarioWCF\UsuarioWCF.csproj", "{537917FD-0E9D-4FB9-AE69-BDE89B2DC189}"
EndProject
Project("{2150E333-8FDC-42A3-9474-1A3956D46DE8}") = "WCF", "WCF", "{C1E8A031-CBDC-4D1D-96F3-8A0B7DB2B961}"
EndProject
Global
	GlobalSection(SolutionConfigurationPlatforms) = preSolution
		Debug|Any CPU = Debug|Any CPU
		Release|Any CPU = Release|Any CPU
	EndGlobalSection
	GlobalSection(ProjectConfigurationPlatforms) = postSolution
		{537917FD-0E9D-4FB9-AE69-BDE89B2DC189}.Debug|Any CPU.ActiveCfg = Debug|Any CPU
		{537917FD-0E9D-4FB9-AE69-BDE89B2DC189}.Debug|Any CPU.Build.0 = Debug|Any CPU
		{537917FD-0E9D-4FB9-AE69-BDE89B2DC189}.Release|Any CPU.ActiveCfg = Release|Any CPU
		{537917FD-0E9D-4FB9-AE69-BDE89B2DC189}.Release|Any CPU.Build.0 = Release|Any CPU
	EndGlobalSection
	GlobalSection(SolutionProperties) = preSolution
		HideSolutionNode = FALSE
	EndGlobalSection
	GlobalSection(NestedProjects) = preSolution
		{537917FD-0E9D-4FB9-AE69-BDE89B2DC189} = {C1E8A031-CBDC-4D1D-96F3-8A0B7DB2B961}
	EndGlobalSection
	GlobalSection(ExtensibilityGlobals) = postSolution
		SolutionGuid = {E87AEC24-6E59-4EA9-A5B0-BB4B3E95B469}
	EndGlobalSection
EndGlobal
